
Microsoft Visual Studio Solution File, Format Version 12.00
# Visual Studio Version 17
VisualStudioVersion = 17.0.32002.185
MinimumVisualStudioVersion = 10.0.40219.1
Project("{FAE04EC0-301F-11D3-BF4B-00C04F79EFBC}") = "FilmesAPI", "GustavoAPI\FilmesAPI.csproj", "{4BDDDAC3-7004-473A-A78B-BBE682DECBBB}"
EndProject
Global
	GlobalSection(SolutionConfigurationPlatforms) = preSolution
		Debug|Any CPU = Debug|Any CPU
		Release|Any CPU = Release|Any CPU
	EndGlobalSection
	GlobalSection(ProjectConfigurationPlatforms) = postSolution
		{4BDDDAC3-7004-473A-A78B-BBE682DECBBB}.Debug|Any CPU.ActiveCfg = Debug|Any CPU
		{4BDDDAC3-7004-473A-A78B-BBE682DECBBB}.Debug|Any CPU.Build.0 = Debug|Any CPU
		{4BDDDAC3-7004-473A-A78B-BBE682DECBBB}.Release|Any CPU.ActiveCfg = Release|Any CPU
		{4BDDDAC3-7004-473A-A78B-BBE682DECBBB}.Release|Any CPU.Build.0 = Release|Any CPU
	EndGlobalSection
	GlobalSection(SolutionProperties) = preSolution
		HideSolutionNode = FALSE
	EndGlobalSection
	GlobalSection(ExtensibilityGlobals) = postSolution
		SolutionGuid = {29DE8185-CB94-46E1-A82C-EC551F172F4C}
	EndGlobalSection
EndGlobal
